
Microsoft Visual Studio Solution File, Format Version 12.00
# Visual Studio Version 16
VisualStudioVersion = 16.0.31025.218
MinimumVisualStudioVersion = 10.0.40219.1
Project("{00D1A9C2-B5F0-4AF3-8072-F6C62B433612}") = "SimpleUnitTestDb", "SimpleUnitTestDb\SimpleUnitTestDb.sqlproj", "{AD784AD5-AAEB-4375-833E-AF4F6D871C23}"
EndProject
Global
	GlobalSection(SolutionConfigurationPlatforms) = preSolution
		Debug|Any CPU = Debug|Any CPU
		Release|Any CPU = Release|Any CPU
	EndGlobalSection
	GlobalSection(ProjectConfigurationPlatforms) = postSolution
		{AD784AD5-AAEB-4375-833E-AF4F6D871C23}.Debug|Any CPU.ActiveCfg = Debug|Any CPU
		{AD784AD5-AAEB-4375-833E-AF4F6D871C23}.Debug|Any CPU.Build.0 = Debug|Any CPU
		{AD784AD5-AAEB-4375-833E-AF4F6D871C23}.Debug|Any CPU.Deploy.0 = Debug|Any CPU
		{AD784AD5-AAEB-4375-833E-AF4F6D871C23}.Release|Any CPU.ActiveCfg = Release|Any CPU
		{AD784AD5-AAEB-4375-833E-AF4F6D871C23}.Release|Any CPU.Build.0 = Release|Any CPU
		{AD784AD5-AAEB-4375-833E-AF4F6D871C23}.Release|Any CPU.Deploy.0 = Release|Any CPU
	EndGlobalSection
	GlobalSection(SolutionProperties) = preSolution
		HideSolutionNode = FALSE
	EndGlobalSection
	GlobalSection(ExtensibilityGlobals) = postSolution
		SolutionGuid = {F4DDCCBF-0AAC-4FAE-8A82-AA76A3D1EB15}
	EndGlobalSection
EndGlobal
